{
  "name": "@mapsindoors/eslint-config-typescript",
  "version": "1.3.0",
  "lockfileVersion": 2,
  "requires": true,
  "packages": {
    "": {
      "name": "@mapsindoors/eslint-config-typescript",
      "version": "1.3.0",
      "license": "MIT",
      "peerDependencies": {
        "@mapsindoors/eslint-config": "^1.5.0",
        "@typescript-eslint/eslint-plugin": "^5.27.1",
        "eslint": ">= 4",
        "eslint-plugin-react": "^7.27.1"
      }
    }
  }
}
